
Microsoft Visual Studio Solution File, Format Version 12.00
# Visual Studio Version 17
VisualStudioVersion = 17.0.31903.59
MinimumVisualStudioVersion = 10.0.40219.1
Project("{2150E333-8FDC-42A3-9474-1A3956D46DE8}") = "src", "src", "{51CE7CC3-321C-4844-ADC0-61272FB89FD6}"
EndProject
Project("{2150E333-8FDC-42A3-9474-1A3956D46DE8}") = "Api", "Api", "{DF12CB5D-334B-40EA-8724-12BCF9E921BD}"
EndProject
Project("{2150E333-8FDC-42A3-9474-1A3956D46DE8}") = "Api", "Api", "{A753761A-4FC1-4192-BCD3-D92DD002A82C}"
EndProject
Project("{FAE04EC0-301F-11D3-BF4B-00C04F79EFBC}") = "CodeForge.Api.WebApi", "src\Api\Api\CodeForge.Api.WebApi\CodeForge.Api.WebApi.csproj", "{E7045D55-3482-4CFB-9B82-908803283A65}"
EndProject
Project("{2150E333-8FDC-42A3-9474-1A3956D46DE8}") = "Infrastructure", "Infrastructure", "{12A666C7-2217-46E6-8BD1-B72F6797CA2E}"
EndProject
Project("{FAE04EC0-301F-11D3-BF4B-00C04F79EFBC}") = "CodeForge.Infrastructure.Persistence", "src\Api\Infrastructure\CodeForge.Infrastructure.Persistence\CodeForge.Infrastructure.Persistence.csproj", "{9869FB03-169A-4628-987A-78BCF866DE41}"
EndProject
Project("{2150E333-8FDC-42A3-9474-1A3956D46DE8}") = "Core", "Core", "{059356A7-36DD-46F2-9AB7-5847157301ED}"
EndProject
Project("{FAE04EC0-301F-11D3-BF4B-00C04F79EFBC}") = "CodeForge.Api.Application", "src\Api\Core\CodeForge.Api.Application\CodeForge.Api.Application.csproj", "{5034167F-0DD7-4A10-A0DE-432ECDC13E41}"
EndProject
Project("{FAE04EC0-301F-11D3-BF4B-00C04F79EFBC}") = "CodeForge.Api.Domain", "src\Api\Core\CodeForge.Api.Domain\CodeForge.Api.Domain.csproj", "{6A3029CF-0319-4B09-A5E1-6ADA95605996}"
EndProject
Project("{2150E333-8FDC-42A3-9474-1A3956D46DE8}") = "Clients", "Clients", "{CFCD773A-BB5D-4C8E-B0F5-40E01B2D2166}"
EndProject
Project("{2150E333-8FDC-42A3-9474-1A3956D46DE8}") = "BlazorWeb", "BlazorWeb", "{345F7459-8E49-480E-8D57-BBB3EC2FD034}"
EndProject
Project("{FAE04EC0-301F-11D3-BF4B-00C04F79EFBC}") = "CodeForge.WebApp", "src\Clients\BlazorWeb\CodeForge.WebApp\CodeForge.WebApp.csproj", "{11F04C0C-D84F-405C-AD67-52021F76AAE9}"
EndProject
Project("{2150E333-8FDC-42A3-9474-1A3956D46DE8}") = "Common", "Common", "{52D0E3DE-965B-43B2-9C9E-88DEE8728031}"
EndProject
Project("{FAE04EC0-301F-11D3-BF4B-00C04F79EFBC}") = "CodeForge.Common", "src\Common\CodeForge.Common\CodeForge.Common.csproj", "{9ACE7DA8-A72C-49FC-A239-7C6EAA8B5F28}"
EndProject
Project("{2150E333-8FDC-42A3-9474-1A3956D46DE8}") = "Projections", "Projections", "{F01CAAEC-887B-4B77-B720-76444E71283F}"
EndProject
Project("{FAE04EC0-301F-11D3-BF4B-00C04F79EFBC}") = "CodeForge.Projections.VoteService", "src\Projections\CodeForge.Projections.VoteService\CodeForge.Projections.VoteService.csproj", "{AA227894-43CA-42C0-9479-0076A0C4478B}"
EndProject
Project("{FAE04EC0-301F-11D3-BF4B-00C04F79EFBC}") = "CodeForge.Projections.UserService", "src\Projections\CodeForge.Projections.UserService\CodeForge.Projections.UserService.csproj", "{2ADC6A9A-01BA-425D-A66C-CE641C9B54EA}"
EndProject
Project("{FAE04EC0-301F-11D3-BF4B-00C04F79EFBC}") = "CodeForge.Projections.FavoriteService", "src\Projections\CodeForge.Projections.FavoriteService\CodeForge.Projections.FavoriteService.csproj", "{46FDC88B-9743-427E-80C3-4D9821A872AA}"
EndProject
Global
	GlobalSection(SolutionConfigurationPlatforms) = preSolution
		Debug|Any CPU = Debug|Any CPU
		Release|Any CPU = Release|Any CPU
	EndGlobalSection
	GlobalSection(SolutionProperties) = preSolution
		HideSolutionNode = FALSE
	EndGlobalSection
	GlobalSection(ProjectConfigurationPlatforms) = postSolution
		{E7045D55-3482-4CFB-9B82-908803283A65}.Debug|Any CPU.ActiveCfg = Debug|Any CPU
		{E7045D55-3482-4CFB-9B82-908803283A65}.Debug|Any CPU.Build.0 = Debug|Any CPU
		{E7045D55-3482-4CFB-9B82-908803283A65}.Release|Any CPU.ActiveCfg = Release|Any CPU
		{E7045D55-3482-4CFB-9B82-908803283A65}.Release|Any CPU.Build.0 = Release|Any CPU
		{9869FB03-169A-4628-987A-78BCF866DE41}.Debug|Any CPU.ActiveCfg = Debug|Any CPU
		{9869FB03-169A-4628-987A-78BCF866DE41}.Debug|Any CPU.Build.0 = Debug|Any CPU
		{9869FB03-169A-4628-987A-78BCF866DE41}.Release|Any CPU.ActiveCfg = Release|Any CPU
		{9869FB03-169A-4628-987A-78BCF866DE41}.Release|Any CPU.Build.0 = Release|Any CPU
		{5034167F-0DD7-4A10-A0DE-432ECDC13E41}.Debug|Any CPU.ActiveCfg = Debug|Any CPU
		{5034167F-0DD7-4A10-A0DE-432ECDC13E41}.Debug|Any CPU.Build.0 = Debug|Any CPU
		{5034167F-0DD7-4A10-A0DE-432ECDC13E41}.Release|Any CPU.ActiveCfg = Release|Any CPU
		{5034167F-0DD7-4A10-A0DE-432ECDC13E41}.Release|Any CPU.Build.0 = Release|Any CPU
		{6A3029CF-0319-4B09-A5E1-6ADA95605996}.Debug|Any CPU.ActiveCfg = Debug|Any CPU
		{6A3029CF-0319-4B09-A5E1-6ADA95605996}.Debug|Any CPU.Build.0 = Debug|Any CPU
		{6A3029CF-0319-4B09-A5E1-6ADA95605996}.Release|Any CPU.ActiveCfg = Release|Any CPU
		{6A3029CF-0319-4B09-A5E1-6ADA95605996}.Release|Any CPU.Build.0 = Release|Any CPU
		{11F04C0C-D84F-405C-AD67-52021F76AAE9}.Debug|Any CPU.ActiveCfg = Debug|Any CPU
		{11F04C0C-D84F-405C-AD67-52021F76AAE9}.Debug|Any CPU.Build.0 = Debug|Any CPU
		{11F04C0C-D84F-405C-AD67-52021F76AAE9}.Release|Any CPU.ActiveCfg = Release|Any CPU
		{11F04C0C-D84F-405C-AD67-52021F76AAE9}.Release|Any CPU.Build.0 = Release|Any CPU
		{9ACE7DA8-A72C-49FC-A239-7C6EAA8B5F28}.Debug|Any CPU.ActiveCfg = Debug|Any CPU
		{9ACE7DA8-A72C-49FC-A239-7C6EAA8B5F28}.Debug|Any CPU.Build.0 = Debug|Any CPU
		{9ACE7DA8-A72C-49FC-A239-7C6EAA8B5F28}.Release|Any CPU.ActiveCfg = Release|Any CPU
		{9ACE7DA8-A72C-49FC-A239-7C6EAA8B5F28}.Release|Any CPU.Build.0 = Release|Any CPU
		{AA227894-43CA-42C0-9479-0076A0C4478B}.Debug|Any CPU.ActiveCfg = Debug|Any CPU
		{AA227894-43CA-42C0-9479-0076A0C4478B}.Debug|Any CPU.Build.0 = Debug|Any CPU
		{AA227894-43CA-42C0-9479-0076A0C4478B}.Release|Any CPU.ActiveCfg = Release|Any CPU
		{AA227894-43CA-42C0-9479-0076A0C4478B}.Release|Any CPU.Build.0 = Release|Any CPU
		{2ADC6A9A-01BA-425D-A66C-CE641C9B54EA}.Debug|Any CPU.ActiveCfg = Debug|Any CPU
		{2ADC6A9A-01BA-425D-A66C-CE641C9B54EA}.Debug|Any CPU.Build.0 = Debug|Any CPU
		{2ADC6A9A-01BA-425D-A66C-CE641C9B54EA}.Release|Any CPU.ActiveCfg = Release|Any CPU
		{2ADC6A9A-01BA-425D-A66C-CE641C9B54EA}.Release|Any CPU.Build.0 = Release|Any CPU
		{46FDC88B-9743-427E-80C3-4D9821A872AA}.Debug|Any CPU.ActiveCfg = Debug|Any CPU
		{46FDC88B-9743-427E-80C3-4D9821A872AA}.Debug|Any CPU.Build.0 = Debug|Any CPU
		{46FDC88B-9743-427E-80C3-4D9821A872AA}.Release|Any CPU.ActiveCfg = Release|Any CPU
		{46FDC88B-9743-427E-80C3-4D9821A872AA}.Release|Any CPU.Build.0 = Release|Any CPU
	EndGlobalSection
	GlobalSection(NestedProjects) = preSolution
		{DF12CB5D-334B-40EA-8724-12BCF9E921BD} = {51CE7CC3-321C-4844-ADC0-61272FB89FD6}
		{A753761A-4FC1-4192-BCD3-D92DD002A82C} = {DF12CB5D-334B-40EA-8724-12BCF9E921BD}
		{E7045D55-3482-4CFB-9B82-908803283A65} = {A753761A-4FC1-4192-BCD3-D92DD002A82C}
		{12A666C7-2217-46E6-8BD1-B72F6797CA2E} = {DF12CB5D-334B-40EA-8724-12BCF9E921BD}
		{9869FB03-169A-4628-987A-78BCF866DE41} = {12A666C7-2217-46E6-8BD1-B72F6797CA2E}
		{059356A7-36DD-46F2-9AB7-5847157301ED} = {DF12CB5D-334B-40EA-8724-12BCF9E921BD}
		{5034167F-0DD7-4A10-A0DE-432ECDC13E41} = {059356A7-36DD-46F2-9AB7-5847157301ED}
		{6A3029CF-0319-4B09-A5E1-6ADA95605996} = {059356A7-36DD-46F2-9AB7-5847157301ED}
		{CFCD773A-BB5D-4C8E-B0F5-40E01B2D2166} = {51CE7CC3-321C-4844-ADC0-61272FB89FD6}
		{345F7459-8E49-480E-8D57-BBB3EC2FD034} = {CFCD773A-BB5D-4C8E-B0F5-40E01B2D2166}
		{11F04C0C-D84F-405C-AD67-52021F76AAE9} = {345F7459-8E49-480E-8D57-BBB3EC2FD034}
		{52D0E3DE-965B-43B2-9C9E-88DEE8728031} = {51CE7CC3-321C-4844-ADC0-61272FB89FD6}
		{9ACE7DA8-A72C-49FC-A239-7C6EAA8B5F28} = {52D0E3DE-965B-43B2-9C9E-88DEE8728031}
		{F01CAAEC-887B-4B77-B720-76444E71283F} = {51CE7CC3-321C-4844-ADC0-61272FB89FD6}
		{AA227894-43CA-42C0-9479-0076A0C4478B} = {F01CAAEC-887B-4B77-B720-76444E71283F}
		{2ADC6A9A-01BA-425D-A66C-CE641C9B54EA} = {F01CAAEC-887B-4B77-B720-76444E71283F}
		{46FDC88B-9743-427E-80C3-4D9821A872AA} = {F01CAAEC-887B-4B77-B720-76444E71283F}
	EndGlobalSection
EndGlobal
